
Microsoft Visual Studio Solution File, Format Version 12.00
# Visual Studio Version 17
VisualStudioVersion = 17.1.32421.90
MinimumVisualStudioVersion = 10.0.40219.1
Project("{888888A0-9F3D-457C-B088-3A5042F75D52}") = "Soduko", "Soduko.pyproj", "{61BE7E33-6DCB-4458-8D1E-B0513BD180AA}"
EndProject
Global
	GlobalSection(SolutionConfigurationPlatforms) = preSolution
		Debug|Any CPU = Debug|Any CPU
		Release|Any CPU = Release|Any CPU
	EndGlobalSection
	GlobalSection(ProjectConfigurationPlatforms) = postSolution
		{61BE7E33-6DCB-4458-8D1E-B0513BD180AA}.Debug|Any CPU.ActiveCfg = Debug|Any CPU
		{61BE7E33-6DCB-4458-8D1E-B0513BD180AA}.Release|Any CPU.ActiveCfg = Release|Any CPU
	EndGlobalSection
	GlobalSection(SolutionProperties) = preSolution
		HideSolutionNode = FALSE
	EndGlobalSection
	GlobalSection(ExtensibilityGlobals) = postSolution
		SolutionGuid = {C9CD51E7-A65F-4EC0-90CE-7182820682E2}
	EndGlobalSection
EndGlobal
